lockfileVersion: '9.0'

settings:
  autoInstallPeers: true
  excludeLinksFromLockfile: false

importers:

  .:
    dependencies:
      '@paperclipai/adapter-utils':
        specifier: ^2026.325.0
        version: 2026.512.0
    devDependencies:
      '@types/node':
        specifier: ^22.0.0
        version: 22.19.19
      typescript:
        specifier: ^5.7.0
        version: 5.9.3

packages:

  '@paperclipai/adapter-utils@2026.512.0':
    resolution: {integrity: sha512-3N2GvizRbo+Y1r4wPwyq0wElWTNfJbm4/8hL6IkvMy5WMd0dSUBw+NeZqcxjO0XH6jXJGrwHIKxiHX3FX5dC7w==}

  '@types/node@22.19.19':
    resolution: {integrity: sha512-dyh/xO2Fh5bYrfWaaqGrRQQGkNdmYw6AmaAUvYeUMNTWQtvb796ikLdmTchRmOlOiIJ1TDXfWgVx1QkUlQ6Hew==}

  typescript@5.9.3:
    resolution: {integrity: sha512-jl1vZzPDinLr9eUt3J/t7V6FgNEw9QjvBPdysz9KfQDD41fQrC2Y4vKQdiaUpFT4bXlb1RHhLpp8wtm6M5TgSw==}
    engines: {node: '>=14.17'}
    hasBin: true

  undici-types@6.21.0:
    resolution: {integrity: sha512-iwDZqg0QAGrg9Rav5H4n0M64c3mkR59cJ6wQp+7C4nI0gsmExaedaYLNO44eT4AtBBwjbTiGPMlt2Md0T9H9JQ==}

snapshots:

  '@paperclipai/adapter-utils@2026.512.0': {}

  '@types/node@22.19.19':
    dependencies:
      undici-types: 6.21.0

  typescript@5.9.3: {}

  undici-types@6.21.0: {}
